
Microsoft Visual Studio Solution File, Format Version 12.00
# Visual Studio Version 17
VisualStudioVersion = 17.7.34031.279
MinimumVisualStudioVersion = 10.0.40219.1
Project("{9A19103F-16F7-4668-BE54-9A1E7A4F7556}") = "Lab1", "Lab1\Lab1.csproj", "{6287A869-0084-4D42-A23A-79E996C1EFE1}"
EndProject
Project("{9A19103F-16F7-4668-BE54-9A1E7A4F7556}") = "Lab2", "Lab2\Lab2.csproj", "{B81AFB3A-69A7-43AD-9D5D-8BB0E4DD99FA}"
EndProject
Project("{9A19103F-16F7-4668-BE54-9A1E7A4F7556}") = "Lab3", "Lab3\Lab3.csproj", "{A4B4C145-25CE-4BF5-9D01-68A7496E951C}"
EndProject
Project("{9A19103F-16F7-4668-BE54-9A1E7A4F7556}") = "Lab4", "Lab4\Lab4.csproj", "{38BE24F5-A713-4F88-ABB6-4852F9B3F7F4}"
EndProject
Project("{9A19103F-16F7-4668-BE54-9A1E7A4F7556}") = "Lab5", "Lab5\Lab5.csproj", "{75E94283-7B40-4759-ABFE-39B6ABD04F7A}"
EndProject
Project("{9A19103F-16F7-4668-BE54-9A1E7A4F7556}") = "server", "server\server.csproj", "{966EFACA-5FD6-4A0D-B027-7A80D900A02E}"
EndProject
Project("{9A19103F-16F7-4668-BE54-9A1E7A4F7556}") = "client", "client\client.csproj", "{A810B3D0-BECE-49A3-BF09-8759CBE6C1A7}"
EndProject
Project("{FAE04EC0-301F-11D3-BF4B-00C04F79EFBC}") = "IT31DEdit", "IT31DEdit\IT31DEdit.csproj", "{FA0ACC37-EB0F-42D1-920A-4BA7B3C701F7}"
EndProject
Project("{FAE04EC0-301F-11D3-BF4B-00C04F79EFBC}") = "RC4", "RC4\RC4.csproj", "{D51C67C6-1EB8-46A0-B0B3-236DE6DEF32C}"
EndProject
Project("{FAE04EC0-301F-11D3-BF4B-00C04F79EFBC}") = "WindowsFormsApp3", "WindowsFormsApp3\WindowsFormsApp3.csproj", "{F2BA3300-50ED-4BE1-8701-A036194280A7}"
EndProject
Project("{FAE04EC0-301F-11D3-BF4B-00C04F79EFBC}") = "WindowsFormsApp4", "WindowsFormsApp4\WindowsFormsApp4.csproj", "{1E183110-4B94-4BAE-B4F0-98A1BCAAE236}"
EndProject
Project("{FAE04EC0-301F-11D3-BF4B-00C04F79EFBC}") = "AES", "AES\AES.csproj", "{499203BA-ED37-4A0D-B1C4-5433C5652796}"
EndProject
Project("{FAE04EC0-301F-11D3-BF4B-00C04F79EFBC}") = "AES_WPF", "AES_WPF\AES_WPF.csproj", "{4E29DD99-B1F0-4B18-9828-C7F92834C8EE}"
EndProject
Project("{FAE04EC0-301F-11D3-BF4B-00C04F79EFBC}") = "WPF_AES_RC4", "WPF_AES_RC4\WPF_AES_RC4.csproj", "{5901CC5F-C511-4428-8C47-8692CC870675}"
EndProject
Global
	GlobalSection(SolutionConfigurationPlatforms) = preSolution
		Debug|Any CPU = Debug|Any CPU
		Debug|x64 = Debug|x64
		Debug|x86 = Debug|x86
		Release|Any CPU = Release|Any CPU
		Release|x64 = Release|x64
		Release|x86 = Release|x86
	EndGlobalSection
	GlobalSection(ProjectConfigurationPlatforms) = postSolution
		{6287A869-0084-4D42-A23A-79E996C1EFE1}.Debug|Any CPU.ActiveCfg = Debug|Any CPU
		{6287A869-0084-4D42-A23A-79E996C1EFE1}.Debug|Any CPU.Build.0 = Debug|Any CPU
		{6287A869-0084-4D42-A23A-79E996C1EFE1}.Debug|x64.ActiveCfg = Debug|x64
		{6287A869-0084-4D42-A23A-79E996C1EFE1}.Debug|x64.Build.0 = Debug|x64
		{6287A869-0084-4D42-A23A-79E996C1EFE1}.Debug|x86.ActiveCfg = Debug|x86
		{6287A869-0084-4D42-A23A-79E996C1EFE1}.Debug|x86.Build.0 = Debug|x86
		{6287A869-0084-4D42-A23A-79E996C1EFE1}.Release|Any CPU.ActiveCfg = Release|Any CPU
		{6287A869-0084-4D42-A23A-79E996C1EFE1}.Release|Any CPU.Build.0 = Release|Any CPU
		{6287A869-0084-4D42-A23A-79E996C1EFE1}.Release|x64.ActiveCfg = Release|x64
		{6287A869-0084-4D42-A23A-79E996C1EFE1}.Release|x64.Build.0 = Release|x64
		{6287A869-0084-4D42-A23A-79E996C1EFE1}.Release|x86.ActiveCfg = Release|x86
		{6287A869-0084-4D42-A23A-79E996C1EFE1}.Release|x86.Build.0 = Release|x86
		{B81AFB3A-69A7-43AD-9D5D-8BB0E4DD99FA}.Debug|Any CPU.ActiveCfg = Debug|Any CPU
		{B81AFB3A-69A7-43AD-9D5D-8BB0E4DD99FA}.Debug|Any CPU.Build.0 = Debug|Any CPU
		{B81AFB3A-69A7-43AD-9D5D-8BB0E4DD99FA}.Debug|x64.ActiveCfg = Debug|x64
		{B81AFB3A-69A7-43AD-9D5D-8BB0E4DD99FA}.Debug|x64.Build.0 = Debug|x64
		{B81AFB3A-69A7-43AD-9D5D-8BB0E4DD99FA}.Debug|x86.ActiveCfg = Debug|x86
		{B81AFB3A-69A7-43AD-9D5D-8BB0E4DD99FA}.Debug|x86.Build.0 = Debug|x86
		{B81AFB3A-69A7-43AD-9D5D-8BB0E4DD99FA}.Release|Any CPU.ActiveCfg = Release|Any CPU
		{B81AFB3A-69A7-43AD-9D5D-8BB0E4DD99FA}.Release|Any CPU.Build.0 = Release|Any CPU
		{B81AFB3A-69A7-43AD-9D5D-8BB0E4DD99FA}.Release|x64.ActiveCfg = Release|x64
		{B81AFB3A-69A7-43AD-9D5D-8BB0E4DD99FA}.Release|x64.Build.0 = Release|x64
		{B81AFB3A-69A7-43AD-9D5D-8BB0E4DD99FA}.Release|x86.ActiveCfg = Release|x86
		{B81AFB3A-69A7-43AD-9D5D-8BB0E4DD99FA}.Release|x86.Build.0 = Release|x86
		{A4B4C145-25CE-4BF5-9D01-68A7496E951C}.Debug|Any CPU.ActiveCfg = Debug|Any CPU
		{A4B4C145-25CE-4BF5-9D01-68A7496E951C}.Debug|Any CPU.Build.0 = Debug|Any CPU
		{A4B4C145-25CE-4BF5-9D01-68A7496E951C}.Debug|x64.ActiveCfg = Debug|x64
		{A4B4C145-25CE-4BF5-9D01-68A7496E951C}.Debug|x64.Build.0 = Debug|x64
		{A4B4C145-25CE-4BF5-9D01-68A7496E951C}.Debug|x86.ActiveCfg = Debug|x86
		{A4B4C145-25CE-4BF5-9D01-68A7496E951C}.Debug|x86.Build.0 = Debug|x86
		{A4B4C145-25CE-4BF5-9D01-68A7496E951C}.Release|Any CPU.ActiveCfg = Release|Any CPU
		{A4B4C145-25CE-4BF5-9D01-68A7496E951C}.Release|Any CPU.Build.0 = Release|Any CPU
		{A4B4C145-25CE-4BF5-9D01-68A7496E951C}.Release|x64.ActiveCfg = Release|x64
		{A4B4C145-25CE-4BF5-9D01-68A7496E951C}.Release|x64.Build.0 = Release|x64
		{A4B4C145-25CE-4BF5-9D01-68A7496E951C}.Release|x86.ActiveCfg = Release|x86
		{A4B4C145-25CE-4BF5-9D01-68A7496E951C}.Release|x86.Build.0 = Release|x86
		{38BE24F5-A713-4F88-ABB6-4852F9B3F7F4}.Debug|Any CPU.ActiveCfg = Debug|Any CPU
		{38BE24F5-A713-4F88-ABB6-4852F9B3F7F4}.Debug|Any CPU.Build.0 = Debug|Any CPU
		{38BE24F5-A713-4F88-ABB6-4852F9B3F7F4}.Debug|x64.ActiveCfg = Debug|x64
		{38BE24F5-A713-4F88-ABB6-4852F9B3F7F4}.Debug|x64.Build.0 = Debug|x64
		{38BE24F5-A713-4F88-ABB6-4852F9B3F7F4}.Debug|x86.ActiveCfg = Debug|x86
		{38BE24F5-A713-4F88-ABB6-4852F9B3F7F4}.Debug|x86.Build.0 = Debug|x86
		{38BE24F5-A713-4F88-ABB6-4852F9B3F7F4}.Release|Any CPU.ActiveCfg = Release|Any CPU
		{38BE24F5-A713-4F88-ABB6-4852F9B3F7F4}.Release|Any CPU.Build.0 = Release|Any CPU
		{38BE24F5-A713-4F88-ABB6-4852F9B3F7F4}.Release|x64.ActiveCfg = Release|x64
		{38BE24F5-A713-4F88-ABB6-4852F9B3F7F4}.Release|x64.Build.0 = Release|x64
		{38BE24F5-A713-4F88-ABB6-4852F9B3F7F4}.Release|x86.ActiveCfg = Release|x86
		{38BE24F5-A713-4F88-ABB6-4852F9B3F7F4}.Release|x86.Build.0 = Release|x86
		{75E94283-7B40-4759-ABFE-39B6ABD04F7A}.Debug|Any CPU.ActiveCfg = Debug|Any CPU
		{75E94283-7B40-4759-ABFE-39B6ABD04F7A}.Debug|Any CPU.Build.0 = Debug|Any CPU
		{75E94283-7B40-4759-ABFE-39B6ABD04F7A}.Debug|x64.ActiveCfg = Debug|x64
		{75E94283-7B40-4759-ABFE-39B6ABD04F7A}.Debug|x64.Build.0 = Debug|x64
		{75E94283-7B40-4759-ABFE-39B6ABD04F7A}.Debug|x86.ActiveCfg = Debug|x86
		{75E94283-7B40-4759-ABFE-39B6ABD04F7A}.Debug|x86.Build.0 = Debug|x86
		{75E94283-7B40-4759-ABFE-39B6ABD04F7A}.Release|Any CPU.ActiveCfg = Release|Any CPU
		{75E94283-7B40-4759-ABFE-39B6ABD04F7A}.Release|Any CPU.Build.0 = Release|Any CPU
		{75E94283-7B40-4759-ABFE-39B6ABD04F7A}.Release|x64.ActiveCfg = Release|x64
		{75E94283-7B40-4759-ABFE-39B6ABD04F7A}.Release|x64.Build.0 = Release|x64
		{75E94283-7B40-4759-ABFE-39B6ABD04F7A}.Release|x86.ActiveCfg = Release|x86
		{75E94283-7B40-4759-ABFE-39B6ABD04F7A}.Release|x86.Build.0 = Release|x86
		{966EFACA-5FD6-4A0D-B027-7A80D900A02E}.Debug|Any CPU.ActiveCfg = Debug|Any CPU
		{966EFACA-5FD6-4A0D-B027-7A80D900A02E}.Debug|Any CPU.Build.0 = Debug|Any CPU
		{966EFACA-5FD6-4A0D-B027-7A80D900A02E}.Debug|x64.ActiveCfg = Debug|x64
		{966EFACA-5FD6-4A0D-B027-7A80D900A02E}.Debug|x64.Build.0 = Debug|x64
		{966EFACA-5FD6-4A0D-B027-7A80D900A02E}.Debug|x86.ActiveCfg = Debug|x86
		{966EFACA-5FD6-4A0D-B027-7A80D900A02E}.Debug|x86.Build.0 = Debug|x86
		{966EFACA-5FD6-4A0D-B027-7A80D900A02E}.Release|Any CPU.ActiveCfg = Release|Any CPU
		{966EFACA-5FD6-4A0D-B027-7A80D900A02E}.Release|Any CPU.Build.0 = Release|Any CPU
		{966EFACA-5FD6-4A0D-B027-7A80D900A02E}.Release|x64.ActiveCfg = Release|x64
		{966EFACA-5FD6-4A0D-B027-7A80D900A02E}.Release|x64.Build.0 = Release|x64
		{966EFACA-5FD6-4A0D-B027-7A80D900A02E}.Release|x86.ActiveCfg = Release|x86
		{966EFACA-5FD6-4A0D-B027-7A80D900A02E}.Release|x86.Build.0 = Release|x86
		{A810B3D0-BECE-49A3-BF09-8759CBE6C1A7}.Debug|Any CPU.ActiveCfg = Debug|Any CPU
		{A810B3D0-BECE-49A3-BF09-8759CBE6C1A7}.Debug|Any CPU.Build.0 = Debug|Any CPU
		{A810B3D0-BECE-49A3-BF09-8759CBE6C1A7}.Debug|x64.ActiveCfg = Debug|x64
		{A810B3D0-BECE-49A3-BF09-8759CBE6C1A7}.Debug|x64.Build.0 = Debug|x64
		{A810B3D0-BECE-49A3-BF09-8759CBE6C1A7}.Debug|x86.ActiveCfg = Debug|x86
		{A810B3D0-BECE-49A3-BF09-8759CBE6C1A7}.Debug|x86.Build.0 = Debug|x86
		{A810B3D0-BECE-49A3-BF09-8759CBE6C1A7}.Release|Any CPU.ActiveCfg = Release|Any CPU
		{A810B3D0-BECE-49A3-BF09-8759CBE6C1A7}.Release|Any CPU.Build.0 = Release|Any CPU
		{A810B3D0-BECE-49A3-BF09-8759CBE6C1A7}.Release|x64.ActiveCfg = Release|x64
		{A810B3D0-BECE-49A3-BF09-8759CBE6C1A7}.Release|x64.Build.0 = Release|x64
		{A810B3D0-BECE-49A3-BF09-8759CBE6C1A7}.Release|x86.ActiveCfg = Release|x86
		{A810B3D0-BECE-49A3-BF09-8759CBE6C1A7}.Release|x86.Build.0 = Release|x86
		{FA0ACC37-EB0F-42D1-920A-4BA7B3C701F7}.Debug|Any CPU.ActiveCfg = Debug|Any CPU
		{FA0ACC37-EB0F-42D1-920A-4BA7B3C701F7}.Debug|Any CPU.Build.0 = Debug|Any CPU
		{FA0ACC37-EB0F-42D1-920A-4BA7B3C701F7}.Debug|x64.ActiveCfg = Debug|Any CPU
		{FA0ACC37-EB0F-42D1-920A-4BA7B3C701F7}.Debug|x64.Build.0 = Debug|Any CPU
		{FA0ACC37-EB0F-42D1-920A-4BA7B3C701F7}.Debug|x86.ActiveCfg = Debug|Any CPU
		{FA0ACC37-EB0F-42D1-920A-4BA7B3C701F7}.Debug|x86.Build.0 = Debug|Any CPU
		{FA0ACC37-EB0F-42D1-920A-4BA7B3C701F7}.Release|Any CPU.ActiveCfg = Release|Any CPU
		{FA0ACC37-EB0F-42D1-920A-4BA7B3C701F7}.Release|Any CPU.Build.0 = Release|Any CPU
		{FA0ACC37-EB0F-42D1-920A-4BA7B3C701F7}.Release|x64.ActiveCfg = Release|Any CPU
		{FA0ACC37-EB0F-42D1-920A-4BA7B3C701F7}.Release|x64.Build.0 = Release|Any CPU
		{FA0ACC37-EB0F-42D1-920A-4BA7B3C701F7}.Release|x86.ActiveCfg = Release|Any CPU
		{FA0ACC37-EB0F-42D1-920A-4BA7B3C701F7}.Release|x86.Build.0 = Release|Any CPU
		{D51C67C6-1EB8-46A0-B0B3-236DE6DEF32C}.Debug|Any CPU.ActiveCfg = Debug|Any CPU
		{D51C67C6-1EB8-46A0-B0B3-236DE6DEF32C}.Debug|Any CPU.Build.0 = Debug|Any CPU
		{D51C67C6-1EB8-46A0-B0B3-236DE6DEF32C}.Debug|x64.ActiveCfg = Debug|x64
		{D51C67C6-1EB8-46A0-B0B3-236DE6DEF32C}.Debug|x64.Build.0 = Debug|x64
		{D51C67C6-1EB8-46A0-B0B3-236DE6DEF32C}.Debug|x86.ActiveCfg = Debug|x86
		{D51C67C6-1EB8-46A0-B0B3-236DE6DEF32C}.Debug|x86.Build.0 = Debug|x86
		{D51C67C6-1EB8-46A0-B0B3-236DE6DEF32C}.Release|Any CPU.ActiveCfg = Release|Any CPU
		{D51C67C6-1EB8-46A0-B0B3-236DE6DEF32C}.Release|Any CPU.Build.0 = Release|Any CPU
		{D51C67C6-1EB8-46A0-B0B3-236DE6DEF32C}.Release|x64.ActiveCfg = Release|x64
		{D51C67C6-1EB8-46A0-B0B3-236DE6DEF32C}.Release|x64.Build.0 = Release|x64
		{D51C67C6-1EB8-46A0-B0B3-236DE6DEF32C}.Release|x86.ActiveCfg = Release|x86
		{D51C67C6-1EB8-46A0-B0B3-236DE6DEF32C}.Release|x86.Build.0 = Release|x86
		{F2BA3300-50ED-4BE1-8701-A036194280A7}.Debug|Any CPU.ActiveCfg = Debug|Any CPU
		{F2BA3300-50ED-4BE1-8701-A036194280A7}.Debug|Any CPU.Build.0 = Debug|Any CPU
		{F2BA3300-50ED-4BE1-8701-A036194280A7}.Debug|x64.ActiveCfg = Debug|Any CPU
		{F2BA3300-50ED-4BE1-8701-A036194280A7}.Debug|x64.Build.0 = Debug|Any CPU
		{F2BA3300-50ED-4BE1-8701-A036194280A7}.Debug|x86.ActiveCfg = Debug|x86
		{F2BA3300-50ED-4BE1-8701-A036194280A7}.Debug|x86.Build.0 = Debug|x86
		{F2BA3300-50ED-4BE1-8701-A036194280A7}.Release|Any CPU.ActiveCfg = Release|Any CPU
		{F2BA3300-50ED-4BE1-8701-A036194280A7}.Release|Any CPU.Build.0 = Release|Any CPU
		{F2BA3300-50ED-4BE1-8701-A036194280A7}.Release|x64.ActiveCfg = Release|Any CPU
		{F2BA3300-50ED-4BE1-8701-A036194280A7}.Release|x64.Build.0 = Release|Any CPU
		{F2BA3300-50ED-4BE1-8701-A036194280A7}.Release|x86.ActiveCfg = Release|x86
		{F2BA3300-50ED-4BE1-8701-A036194280A7}.Release|x86.Build.0 = Release|x86
		{1E183110-4B94-4BAE-B4F0-98A1BCAAE236}.Debug|Any CPU.ActiveCfg = Debug|Any CPU
		{1E183110-4B94-4BAE-B4F0-98A1BCAAE236}.Debug|Any CPU.Build.0 = Debug|Any CPU
		{1E183110-4B94-4BAE-B4F0-98A1BCAAE236}.Debug|x64.ActiveCfg = Debug|Any CPU
		{1E183110-4B94-4BAE-B4F0-98A1BCAAE236}.Debug|x64.Build.0 = Debug|Any CPU
		{1E183110-4B94-4BAE-B4F0-98A1BCAAE236}.Debug|x86.ActiveCfg = Debug|Any CPU
		{1E183110-4B94-4BAE-B4F0-98A1BCAAE236}.Debug|x86.Build.0 = Debug|Any CPU
		{1E183110-4B94-4BAE-B4F0-98A1BCAAE236}.Release|Any CPU.ActiveCfg = Release|Any CPU
		{1E183110-4B94-4BAE-B4F0-98A1BCAAE236}.Release|Any CPU.Build.0 = Release|Any CPU
		{1E183110-4B94-4BAE-B4F0-98A1BCAAE236}.Release|x64.ActiveCfg = Release|Any CPU
		{1E183110-4B94-4BAE-B4F0-98A1BCAAE236}.Release|x64.Build.0 = Release|Any CPU
		{1E183110-4B94-4BAE-B4F0-98A1BCAAE236}.Release|x86.ActiveCfg = Release|Any CPU
		{1E183110-4B94-4BAE-B4F0-98A1BCAAE236}.Release|x86.Build.0 = Release|Any CPU
		{499203BA-ED37-4A0D-B1C4-5433C5652796}.Debug|Any CPU.ActiveCfg = Debug|Any CPU
		{499203BA-ED37-4A0D-B1C4-5433C5652796}.Debug|Any CPU.Build.0 = Debug|Any CPU
		{499203BA-ED37-4A0D-B1C4-5433C5652796}.Debug|x64.ActiveCfg = Debug|Any CPU
		{499203BA-ED37-4A0D-B1C4-5433C5652796}.Debug|x64.Build.0 = Debug|Any CPU
		{499203BA-ED37-4A0D-B1C4-5433C5652796}.Debug|x86.ActiveCfg = Debug|Any CPU
		{499203BA-ED37-4A0D-B1C4-5433C5652796}.Debug|x86.Build.0 = Debug|Any CPU
		{499203BA-ED37-4A0D-B1C4-5433C5652796}.Release|Any CPU.ActiveCfg = Release|Any CPU
		{499203BA-ED37-4A0D-B1C4-5433C5652796}.Release|Any CPU.Build.0 = Release|Any CPU
		{499203BA-ED37-4A0D-B1C4-5433C5652796}.Release|x64.ActiveCfg = Release|Any CPU
		{499203BA-ED37-4A0D-B1C4-5433C5652796}.Release|x64.Build.0 = Release|Any CPU
		{499203BA-ED37-4A0D-B1C4-5433C5652796}.Release|x86.ActiveCfg = Release|Any CPU
		{499203BA-ED37-4A0D-B1C4-5433C5652796}.Release|x86.Build.0 = Release|Any CPU
		{4E29DD99-B1F0-4B18-9828-C7F92834C8EE}.Debug|Any CPU.ActiveCfg = Debug|Any CPU
		{4E29DD99-B1F0-4B18-9828-C7F92834C8EE}.Debug|Any CPU.Build.0 = Debug|Any CPU
		{4E29DD99-B1F0-4B18-9828-C7F92834C8EE}.Debug|x64.ActiveCfg = Debug|Any CPU
		{4E29DD99-B1F0-4B18-9828-C7F92834C8EE}.Debug|x64.Build.0 = Debug|Any CPU
		{4E29DD99-B1F0-4B18-9828-C7F92834C8EE}.Debug|x86.ActiveCfg = Debug|Any CPU
		{4E29DD99-B1F0-4B18-9828-C7F92834C8EE}.Debug|x86.Build.0 = Debug|Any CPU
		{4E29DD99-B1F0-4B18-9828-C7F92834C8EE}.Release|Any CPU.ActiveCfg = Release|Any CPU
		{4E29DD99-B1F0-4B18-9828-C7F92834C8EE}.Release|Any CPU.Build.0 = Release|Any CPU
		{4E29DD99-B1F0-4B18-9828-C7F92834C8EE}.Release|x64.ActiveCfg = Release|Any CPU
		{4E29DD99-B1F0-4B18-9828-C7F92834C8EE}.Release|x64.Build.0 = Release|Any CPU
		{4E29DD99-B1F0-4B18-9828-C7F92834C8EE}.Release|x86.ActiveCfg = Release|Any CPU
		{4E29DD99-B1F0-4B18-9828-C7F92834C8EE}.Release|x86.Build.0 = Release|Any CPU
		{5901CC5F-C511-4428-8C47-8692CC870675}.Debug|Any CPU.ActiveCfg = Debug|Any CPU
		{5901CC5F-C511-4428-8C47-8692CC870675}.Debug|Any CPU.Build.0 = Debug|Any CPU
		{5901CC5F-C511-4428-8C47-8692CC870675}.Debug|x64.ActiveCfg = Debug|Any CPU
		{5901CC5F-C511-4428-8C47-8692CC870675}.Debug|x64.Build.0 = Debug|Any CPU
		{5901CC5F-C511-4428-8C47-8692CC870675}.Debug|x86.ActiveCfg = Debug|Any CPU
		{5901CC5F-C511-4428-8C47-8692CC870675}.Debug|x86.Build.0 = Debug|Any CPU
		{5901CC5F-C511-4428-8C47-8692CC870675}.Release|Any CPU.ActiveCfg = Release|Any CPU
		{5901CC5F-C511-4428-8C47-8692CC870675}.Release|Any CPU.Build.0 = Release|Any CPU
		{5901CC5F-C511-4428-8C47-8692CC870675}.Release|x64.ActiveCfg = Release|Any CPU
		{5901CC5F-C511-4428-8C47-8692CC870675}.Release|x64.Build.0 = Release|Any CPU
		{5901CC5F-C511-4428-8C47-8692CC870675}.Release|x86.ActiveCfg = Release|Any CPU
		{5901CC5F-C511-4428-8C47-8692CC870675}.Release|x86.Build.0 = Release|Any CPU
	EndGlobalSection
	GlobalSection(SolutionProperties) = preSolution
		HideSolutionNode = FALSE
	EndGlobalSection
	GlobalSection(ExtensibilityGlobals) = postSolution
		SolutionGuid = {68EF5B2D-3102-45A4-B75E-CC880B00D7BD}
	EndGlobalSection
EndGlobal
